{
  "pins" : [
    {
      "identity" : "phonenumberkit",
      "kind" : "remoteSourceControl",
      "location" : "https://github.com/PhoneNumberKit/PhoneNumberKit",
      "state" : {
        "revision" : "754d0d5597593ba8bcdc2b4ddf5f85fc3a4e799f",
        "version" : "5.0.7"
      }
    }
  ],
  "version" : 2
}
